// !$*UTF8*$!
{
	archiveVersion = 1;
	classes = {
	};
	objectVersion = 46;
	objects = {

/* Begin PBXBuildFile section */
		B28402E119536A3B00FEFAEF /* Cocoa.framework in Frameworks */ = {isa = PBXBuildFile; fileRef = B28402E019536A3B00FEFAEF /* Cocoa.framework */; };
		B28402EB19536A3B00FEFAEF /* InfoPlist.strings in Resources */ = {isa = PBXBuildFile; fileRef = B28402E919536A3B00FEFAEF /* InfoPlist.strings */; };
		B28402ED19536A3B00FEFAEF /* main.m in Sources */ = {isa = PBXBuildFile; fileRef = B28402EC19536A3B00FEFAEF /* main.m */; };
		B28402F119536A3B00FEFAEF /* Credits.rtf in Resources */ = {isa = PBXBuildFile; fileRef = B28402EF19536A3B00FEFAEF /* Credits.rtf */; };
		B28402F419536A3B00FEFAEF /* AppDelegate.m in Sources */ = {isa = PBXBuildFile; fileRef = B28402F319536A3B00FEFAEF /* AppDelegate.m */; };
		B28402F719536A3B00FEFAEF /* MainMenu.xib in Resources */ = {isa = PBXBuildFile; fileRef = B28402F519536A3B00FEFAEF /* MainMenu.xib */; };
		B28402F919536A3B00FEFAEF /* Images.xcassets in Resources */ = {isa = PBXBuildFile; fileRef = B28402F819536A3B00FEFAEF /* Images.xcassets */; };
		B284030019536A3C00FEFAEF /* XCTest.framework in Frameworks */ = {isa = PBXBuildFile; fileRef = B28402FF19536A3C00FEFAEF /* XCTest.framework */; };
		B284030119536A3C00FEFAEF /* Cocoa.framework in Frameworks */ = {isa = PBXBuildFile; fileRef = B28402E019536A3B00FEFAEF /* Cocoa.framework */; };
		B284030919536A3C00FEFAEF /* InfoPlist.strings in Resources */ = {isa = PBXBuildFile; fileRef = B284030719536A3C00FEFAEF /* InfoPlist.strings */; };
		B284030B19536A3C00FEFAEF /* ColourLoversExtensionGeneratorTests.m in Sources */ = {isa = PBXBuildFile; fileRef = B284030A19536A3C00FEFAEF /* ColourLoversExtensionGeneratorTests.m */; };
		B284031819536D5000FEFAEF /* AXStatusItemPopup.m in Sources */ = {isa = PBXBuildFile; fileRef = B284031619536D5000FEFAEF /* AXStatusItemPopup.m */; };
		B284031919536D5000FEFAEF /* favicon.ico in Resources */ = {isa = PBXBuildFile; fileRef = B284031719536D5000FEFAEF /* favicon.ico */; };
		B284031D19536DEA00FEFAEF /* ProducerViewController.m in Sources */ = {isa = PBXBuildFile; fileRef = B284031B19536DEA00FEFAEF /* ProducerViewController.m */; };
		B284031E19536DEA00FEFAEF /* ProducerViewController.xib in Resources */ = {isa = PBXBuildFile; fileRef = B284031C19536DEA00FEFAEF /* ProducerViewController.xib */; };
		B28403211953759100FEFAEF /* NSWindow+canBecomeKeyWindow.m in Sources */ = {isa = PBXBuildFile; fileRef = B28403201953759100FEFAEF /* NSWindow+canBecomeKeyWindow.m */; };
/* End PBXBuildFile section */

/* Begin PBXContainerItemProxy section */
		B284030219536A3C00FEFAEF /* PBXContainerItemProxy */ = {
			isa = PBXContainerItemProxy;
			containerPortal = B28402D519536A3B00FEFAEF /* Project object */;
			proxyType = 1;
			remoteGlobalIDString = B28402DC19536A3B00FEFAEF;
			remoteInfo = ColourLoversExtensionGenerator;
		};
/* End PBXContainerItemProxy section */

/* Begin PBXFileReference section */
		B28402DD19536A3B00FEFAEF /* ColourLoversExtensionGenerator.app */ = {isa = PBXFileReference; explicitFileType = wrapper.application; includeInIndex = 0; path = ColourLoversExtensionGenerator.app; sourceTree = BUILT_PRODUCTS_DIR; };
		B28402E019536A3B00FEFAEF /* Cocoa.framework */ = {isa = PBXFileReference; lastKnownFileType = wrapper.framework; name = Cocoa.framework; path = System/Library/Frameworks/Cocoa.framework; sourceTree = SDKROOT; };
		B28402E319536A3B00FEFAEF /* AppKit.framework */ = {isa = PBXFileReference; lastKnownFileType = wrapper.framework; name = AppKit.framework; path = System/Library/Frameworks/AppKit.framework; sourceTree = SDKROOT; };
		B28402E419536A3B00FEFAEF /* CoreData.framework */ = {isa = PBXFileReference; lastKnownFileType = wrapper.framework; name = CoreData.framework; path = System/Library/Frameworks/CoreData.framework; sourceTree = SDKROOT; };
		B28402E519536A3B00FEFAEF /* Foundation.framework */ = {isa = PBXFileReference; lastKnownFileType = wrapper.framework; name = Foundation.framework; path = System/Library/Frameworks/Foundation.framework; sourceTree = SDKROOT; };
		B28402E819536A3B00FEFAEF /* ColourLoversExtensionGenerator-Info.plist */ = {isa = PBXFileReference; lastKnownFileType = text.plist.xml; path = "ColourLoversExtensionGenerator-Info.plist"; sourceTree = "<group>"; };
		B28402EA19536A3B00FEFAEF /* en */ = {isa = PBXFileReference; lastKnownFileType = text.plist.strings; name = en; path = en.lproj/InfoPlist.strings; sourceTree = "<group>"; };
		B28402EC19536A3B00FEFAEF /* main.m */ = {isa = PBXFileReference; lastKnownFileType = sourcecode.c.objc; path = main.m; sourceTree = "<group>"; };
		B28402EE19536A3B00FEFAEF /* ColourLoversExtensionGenerator-Prefix.pch */ = {isa = PBXFileReference; lastKnownFileType = sourcecode.c.h; path = "ColourLoversExtensionGenerator-Prefix.pch"; sourceTree = "<group>"; };
		B28402F019536A3B00FEFAEF /* en */ = {isa = PBXFileReference; lastKnownFileType = text.rtf; name = en; path = en.lproj/Credits.rtf; sourceTree = "<group>"; };
		B28402F219536A3B00FEFAEF /* AppDelegate.h */ = {isa = PBXFileReference; lastKnownFileType = sourcecode.c.h; path = AppDelegate.h; sourceTree = "<group>"; };
		B28402F319536A3B00FEFAEF /* AppDelegate.m */ = {isa = PBXFileReference; lastKnownFileType = sourcecode.c.objc; path = AppDelegate.m; sourceTree = "<group>"; };
		B28402F619536A3B00FEFAEF /* Base */ = {isa = PBXFileReference; lastKnownFileType = file.xib; name = Base; path = Base.lproj/MainMenu.xib; sourceTree = "<group>"; };
		B28402F819536A3B00FEFAEF /* Images.xcassets */ = {isa = PBXFileReference; lastKnownFileType = folder.assetcatalog; path = Images.xcassets; sourceTree = "<group>"; };
		B28402FE19536A3C00FEFAEF /* ColourLoversExtensionGeneratorTests.xctest */ = {isa = PBXFileReference; explicitFileType = wrapper.cfbundle; includeInIndex = 0; path = ColourLoversExtensionGeneratorTests.xctest; sourceTree = BUILT_PRODUCTS_DIR; };
		B28402FF19536A3C00FEFAEF /* XCTest.framework */ = {isa = PBXFileReference; lastKnownFileType = wrapper.framework; name = XCTest.framework; path = Library/Frameworks/XCTest.framework; sourceTree = DEVELOPER_DIR; };
		B284030619536A3C00FEFAEF /* ColourLoversExtensionGeneratorTests-Info.plist */ = {isa = PBXFileReference; lastKnownFileType = text.plist.xml; path = "ColourLoversExtensionGeneratorTests-Info.plist"; sourceTree = "<group>"; };
		B284030819536A3C00FEFAEF /* en */ = {isa = PBXFileReference; lastKnownFileType = text.plist.strings; name = en; path = en.lproj/InfoPlist.strings; sourceTree = "<group>"; };
		B284030A19536A3C00FEFAEF /* ColourLoversExtensionGeneratorTests.m */ = {isa = PBXFileReference; lastKnownFileType = sourcecode.c.objc; path = ColourLoversExtensionGeneratorTests.m; sourceTree = "<group>"; };
		B284031519536D5000FEFAEF /* AXStatusItemPopup.h */ = {isa = PBXFileReference; fileEncoding = 4; lastKnownFileType = sourcecode.c.h; path = AXStatusItemPopup.h; sourceTree = "<group>"; };
		B284031619536D5000FEFAEF /* AXStatusItemPopup.m */ = {isa = PBXFileReference; fileEncoding = 4; lastKnownFileType = sourcecode.c.objc; path = AXStatusItemPopup.m; sourceTree = "<group>"; };
		B284031719536D5000FEFAEF /* favicon.ico */ = {isa = PBXFileReference; lastKnownFileType = image.ico; path = favicon.ico; sourceTree = "<group>"; };
		B284031A19536DEA00FEFAEF /* ProducerViewController.h */ = {isa = PBXFileReference; fileEncoding = 4; lastKnownFileType = sourcecode.c.h; path = ProducerViewController.h; sourceTree = "<group>"; };
		B284031B19536DEA00FEFAEF /* ProducerViewController.m */ = {isa = PBXFileReference; fileEncoding = 4; lastKnownFileType = sourcecode.c.objc; path = ProducerViewController.m; sourceTree = "<group>"; };
		B284031C19536DEA00FEFAEF /* ProducerViewController.xib */ = {isa = PBXFileReference; fileEncoding = 4; lastKnownFileType = file.xib; path = ProducerViewController.xib; sourceTree = "<group>"; };
		B284031F1953759100FEFAEF /* NSWindow+canBecomeKeyWindow.h */ = {isa = PBXFileReference; fileEncoding = 4; lastKnownFileType = sourcecode.c.h; path = "NSWindow+canBecomeKeyWindow.h"; sourceTree = "<group>"; };
		B28403201953759100FEFAEF /* NSWindow+canBecomeKeyWindow.m */ = {isa = PBXFileReference; fileEncoding = 4; lastKnownFileType = sourcecode.c.objc; path = "NSWindow+canBecomeKeyWindow.m"; sourceTree = "<group>"; };
/* End PBXFileReference section */

/* Begin PBXFrameworksBuildPhase section */
		B28402DA19536A3B00FEFAEF /* Frameworks */ = {
			isa = PBXFrameworksBuildPhase;
			buildActionMask = 2147483647;
			files = (
				B28402E119536A3B00FEFAEF /* Cocoa.framework in Frameworks */,
			);
			runOnlyForDeploymentPostprocessing = 0;
		};
		B28402FB19536A3C00FEFAEF /* Frameworks */ = {
			isa = PBXFrameworksBuildPhase;
			buildActionMask = 2147483647;
			files = (
				B284030119536A3C00FEFAEF /* Cocoa.framework in Frameworks */,
				B284030019536A3C00FEFAEF /* XCTest.framework in Frameworks */,
			);
			runOnlyForDeploymentPostprocessing = 0;
		};
/* End PBXFrameworksBuildPhase section */

/* Begin PBXGroup section */
		B28402D419536A3B00FEFAEF = {
			isa = PBXGroup;
			children = (
				B28402E619536A3B00FEFAEF /* ColourLoversExtensionGenerator */,
				B284030419536A3C00FEFAEF /* ColourLoversExtensionGeneratorTests */,
				B28402DF19536A3B00FEFAEF /* Frameworks */,
				B28402DE19536A3B00FEFAEF /* Products */,
			);
			sourceTree = "<group>";
		};
		B28402DE19536A3B00FEFAEF /* Products */ = {
			isa = PBXGroup;
			children = (
				B28402DD19536A3B00FEFAEF /* ColourLoversExtensionGenerator.app */,
				B28402FE19536A3C00FEFAEF /* ColourLoversExtensionGeneratorTests.xctest */,
			);
			name = Products;
			sourceTree = "<group>";
		};
		B28402DF19536A3B00FEFAEF /* Frameworks */ = {
			isa = PBXGroup;
			children = (
				B28402E019536A3B00FEFAEF /* Cocoa.framework */,
				B28402FF19536A3C00FEFAEF /* XCTest.framework */,
				B28402E219536A3B00FEFAEF /* Other Frameworks */,
			);
			name = Frameworks;
			sourceTree = "<group>";
		};
		B28402E219536A3B00FEFAEF /* Other Frameworks */ = {
			isa = PBXGroup;
			children = (
				B28402E319536A3B00FEFAEF /* AppKit.framework */,
				B28402E419536A3B00FEFAEF /* CoreData.framework */,
				B28402E519536A3B00FEFAEF /* Foundation.framework */,
			);
			name = "Other Frameworks";
			sourceTree = "<group>";
		};
		B28402E619536A3B00FEFAEF /* ColourLoversExtensionGenerator */ = {
			isa = PBXGroup;
			children = (
				B284031419536D5000FEFAEF /* AXStatusItemPopup */,
				B284031719536D5000FEFAEF /* favicon.ico */,
				B28402F219536A3B00FEFAEF /* AppDelegate.h */,
				B28402F319536A3B00FEFAEF /* AppDelegate.m */,
				B28402F519536A3B00FEFAEF /* MainMenu.xib */,
				B28402F819536A3B00FEFAEF /* Images.xcassets */,
				B28402E719536A3B00FEFAEF /* Supporting Files */,
				B284031A19536DEA00FEFAEF /* ProducerViewController.h */,
				B284031B19536DEA00FEFAEF /* ProducerViewController.m */,
				B284031C19536DEA00FEFAEF /* ProducerViewController.xib */,
			);
			path = ColourLoversExtensionGenerator;
			sourceTree = "<group>";
		};
		B28402E719536A3B00FEFAEF /* Supporting Files */ = {
			isa = PBXGroup;
			children = (
				B28402E819536A3B00FEFAEF /* ColourLoversExtensionGenerator-Info.plist */,
				B28402E919536A3B00FEFAEF /* InfoPlist.strings */,
				B28402EC19536A3B00FEFAEF /* main.m */,
				B28402EE19536A3B00FEFAEF /* ColourLoversExtensionGenerator-Prefix.pch */,
				B28402EF19536A3B00FEFAEF /* Credits.rtf */,
			);
			name = "Supporting Files";
			sourceTree = "<group>";
		};
		B284030419536A3C00FEFAEF /* ColourLoversExtensionGeneratorTests */ = {
			isa = PBXGroup;
			children = (
				B284030A19536A3C00FEFAEF /* ColourLoversExtensionGeneratorTests.m */,
				B284030519536A3C00FEFAEF /* Supporting Files */,
			);
			path = ColourLoversExtensionGeneratorTests;
			sourceTree = "<group>";
		};
		B284030519536A3C00FEFAEF /* Supporting Files */ = {
			isa = PBXGroup;
			children = (
				B284030619536A3C00FEFAEF /* ColourLoversExtensionGeneratorTests-Info.plist */,
				B284030719536A3C00FEFAEF /* InfoPlist.strings */,
			);
			name = "Supporting Files";
			sourceTree = "<group>";
		};
		B284031419536D5000FEFAEF /* AXStatusItemPopup */ = {
			isa = PBXGroup;
			children = (
				B284031F1953759100FEFAEF /* NSWindow+canBecomeKeyWindow.h */,
				B28403201953759100FEFAEF /* NSWindow+canBecomeKeyWindow.m */,
				B284031519536D5000FEFAEF /* AXStatusItemPopup.h */,
				B284031619536D5000FEFAEF /* AXStatusItemPopup.m */,
			);
			path = AXStatusItemPopup;
			sourceTree = "<group>";
		};
/* End PBXGroup section */

/* Begin PBXNativeTarget section */
		B28402DC19536A3B00FEFAEF /* ColourLoversExtensionGenerator */ = {
			isa = PBXNativeTarget;
			buildConfigurationList = B284030E19536A3C00FEFAEF /* Build configuration list for PBXNativeTarget "ColourLoversExtensionGenerator" */;
			buildPhases = (
				B28402D919536A3B00FEFAEF /* Sources */,
				B28402DA19536A3B00FEFAEF /* Frameworks */,
				B28402DB19536A3B00FEFAEF /* Resources */,
			);
			buildRules = (
			);
			dependencies = (
			);
			name = ColourLoversExtensionGenerator;
			productName = ColourLoversExtensionGenerator;
			productReference = B28402DD19536A3B00FEFAEF /* ColourLoversExtensionGenerator.app */;
			productType = "com.apple.product-type.application";
		};
		B28402FD19536A3C00FEFAEF /* ColourLoversExtensionGeneratorTests */ = {
			isa = PBXNativeTarget;
			buildConfigurationList = B284031119536A3C00FEFAEF /* Build configuration list for PBXNativeTarget "ColourLoversExtensionGeneratorTests" */;
			buildPhases = (
				B28402FA19536A3C00FEFAEF /* Sources */,
				B28402FB19536A3C00FEFAEF /* Frameworks */,
				B28402FC19536A3C00FEFAEF /* Resources */,
			);
			buildRules = (
			);
			dependencies = (
				B284030319536A3C00FEFAEF /* PBXTargetDependency */,
			);
			name = ColourLoversExtensionGeneratorTests;
			productName = ColourLoversExtensionGeneratorTests;
			productReference = B28402FE19536A3C00FEFAEF /* ColourLoversExtensionGeneratorTests.xctest */;
			productType = "com.apple.product-type.bundle.unit-test";
		};
/* End PBXNativeTarget section */

/* Begin PBXProject section */
		B28402D519536A3B00FEFAEF /* Project object */ = {
			isa = PBXProject;
			attributes = {
				LastUpgradeCheck = 0510;
				ORGANIZATIONNAME = questamobile;
				TargetAttributes = {
					B28402FD19536A3C00FEFAEF = {
						TestTargetID = B28402DC19536A3B00FEFAEF;
					};
				};
			};
			buildConfigurationList = B28402D819536A3B00FEFAEF /* Build configuration list for PBXProject "ColourLoversExtensionGenerator" */;
			compatibilityVersion = "Xcode 3.2";
			developmentRegion = English;
			hasScannedForEncodings = 0;
			knownRegions = (
				en,
				Base,
			);
			mainGroup = B28402D419536A3B00FEFAEF;
			productRefGroup = B28402DE19536A3B00FEFAEF /* Products */;
			projectDirPath = "";
			projectRoot = "";
			targets = (
				B28402DC19536A3B00FEFAEF /* ColourLoversExtensionGenerator */,
				B28402FD19536A3C00FEFAEF /* ColourLoversExtensionGeneratorTests */,
			);
		};
/* End PBXProject section */

/* Begin PBXResourcesBuildPhase section */
		B28402DB19536A3B00FEFAEF /* Resources */ = {
			isa = PBXResourcesBuildPhase;
			buildActionMask = 2147483647;
			files = (
				B284031E19536DEA00FEFAEF /* ProducerViewController.xib in Resources */,
				B28402EB19536A3B00FEFAEF /* InfoPlist.strings in Resources */,
				B28402F919536A3B00FEFAEF /* Images.xcassets in Resources */,
				B28402F119536A3B00FEFAEF /* Credits.rtf in Resources */,
				B28402F719536A3B00FEFAEF /* MainMenu.xib in Resources */,
				B284031919536D5000FEFAEF /* favicon.ico in Resources */,
			);
			runOnlyForDeploymentPostprocessing = 0;
		};
		B28402FC19536A3C00FEFAEF /* Resources */ = {
			isa = PBXResourcesBuildPhase;
			buildActionMask = 2147483647;
			files = (
				B284030919536A3C00FEFAEF /* InfoPlist.strings in Resources */,
			);
			runOnlyForDeploymentPostprocessing = 0;
		};
/* End PBXResourcesBuildPhase section */

/* Begin PBXSourcesBuildPhase section */
		B28402D919536A3B00FEFAEF /* Sources */ = {
			isa = PBXSourcesBuildPhase;
			buildActionMask = 2147483647;
			files = (
				B28402F419536A3B00FEFAEF /* AppDelegate.m in Sources */,
				B28403211953759100FEFAEF /* NSWindow+canBecomeKeyWindow.m in Sources */,
				B284031819536D5000FEFAEF /* AXStatusItemPopup.m in Sources */,
				B284031D19536DEA00FEFAEF /* ProducerViewController.m in Sources */,
				B28402ED19536A3B00FEFAEF /* main.m in Sources */,
			);
			runOnlyForDeploymentPostprocessing = 0;
		};
		B28402FA19536A3C00FEFAEF /* Sources */ = {
			isa = PBXSourcesBuildPhase;
			buildActionMask = 2147483647;
			files = (
				B284030B19536A3C00FEFAEF /* ColourLoversExtensionGeneratorTests.m in Sources */,
			);
			runOnlyForDeploymentPostprocessing = 0;
		};
/* End PBXSourcesBuildPhase section */

/* Begin PBXTargetDependency section */
		B284030319536A3C00FEFAEF /* PBXTargetDependency */ = {
			isa = PBXTargetDependency;
			target = B28402DC19536A3B00FEFAEF /* ColourLoversExtensionGenerator */;
			targetProxy = B284030219536A3C00FEFAEF /* PBXContainerItemProxy */;
		};
/* End PBXTargetDependency section */

/* Begin PBXVariantGroup section */
		B28402E919536A3B00FEFAEF /* InfoPlist.strings */ = {
			isa = PBXVariantGroup;
			children = (
				B28402EA19536A3B00FEFAEF /* en */,
			);
			name = InfoPlist.strings;
			sourceTree = "<group>";
		};
		B28402EF19536A3B00FEFAEF /* Credits.rtf */ = {
			isa = PBXVariantGroup;
			children = (
				B28402F019536A3B00FEFAEF /* en */,
			);
			name = Credits.rtf;
			sourceTree = "<group>";
		};
		B28402F519536A3B00FEFAEF /* MainMenu.xib */ = {
			isa = PBXVariantGroup;
			children = (
				B28402F619536A3B00FEFAEF /* Base */,
			);
			name = MainMenu.xib;
			sourceTree = "<group>";
		};
		B284030719536A3C00FEFAEF /* InfoPlist.strings */ = {
			isa = PBXVariantGroup;
			children = (
				B284030819536A3C00FEFAEF /* en */,
			);
			name = InfoPlist.strings;
			sourceTree = "<group>";
		};
/* End PBXVariantGroup section */

/* Begin XCBuildConfiguration section */
		B284030C19536A3C00FEFAEF /* Debug */ = {
			isa = XCBuildConfiguration;
			buildSettings = {
				ALWAYS_SEARCH_USER_PATHS = NO;
				CLANG_CXX_LANGUAGE_STANDARD = "gnu++0x";
				CLANG_CXX_LIBRARY = "libc++";
				CLANG_ENABLE_MODULES = YES;
				CLANG_ENABLE_OBJC_ARC = YES;
				CLANG_WARN_BOOL_CONVERSION = YES;
				CLANG_WARN_CONSTANT_CONVERSION = YES;
				CLANG_WARN_DIRECT_OBJC_ISA_USAGE = YES_ERROR;
				CLANG_WARN_EMPTY_BODY = YES;
				CLANG_WARN_ENUM_CONVERSION = YES;
				CLANG_WARN_INT_CONVERSION = YES;
				CLANG_WARN_OBJC_ROOT_CLASS = YES_ERROR;
				CLANG_WARN__DUPLICATE_METHOD_MATCH = YES;
				COPY_PHASE_STRIP = NO;
				GCC_C_LANGUAGE_STANDARD = gnu99;
				GCC_DYNAMIC_NO_PIC = NO;
				GCC_ENABLE_OBJC_EXCEPTIONS = YES;
				GCC_OPTIMIZATION_LEVEL = 0;
				GCC_PREPROCESSOR_DEFINITIONS = (
					"DEBUG=1",
					"$(inherited)",
				);
				GCC_SYMBOLS_PRIVATE_EXTERN = NO;
				GCC_WARN_64_TO_32_BIT_CONVERSION = YES;
				GCC_WARN_ABOUT_RETURN_TYPE = YES_ERROR;
				GCC_WARN_UNDECLARED_SELECTOR = YES;
				GCC_WARN_UNINITIALIZED_AUTOS = YES_AGGRESSIVE;
				GCC_WARN_UNUSED_FUNCTION = YES;
				GCC_WARN_UNUSED_VARIABLE = YES;
				MACOSX_DEPLOYMENT_TARGET = 10.9;
				ONLY_ACTIVE_ARCH = YES;
				SDKROOT = macosx;
			};
			name = Debug;
		};
		B284030D19536A3C00FEFAEF /* Release */ = {
			isa = XCBuildConfiguration;
			buildSettings = {
				ALWAYS_SEARCH_USER_PATHS = NO;
				CLANG_CXX_LANGUAGE_STANDARD = "gnu++0x";
				CLANG_CXX_LIBRARY = "libc++";
				CLANG_ENABLE_MODULES = YES;
				CLANG_ENABLE_OBJC_ARC = YES;
				CLANG_WARN_BOOL_CONVERSION = YES;
				CLANG_WARN_CONSTANT_CONVERSION = YES;
				CLANG_WARN_DIRECT_OBJC_ISA_USAGE = YES_ERROR;
				CLANG_WARN_EMPTY_BODY = YES;
				CLANG_WARN_ENUM_CONVERSION = YES;
				CLANG_WARN_INT_CONVERSION = YES;
				CLANG_WARN_OBJC_ROOT_CLASS = YES_ERROR;
				CLANG_WARN__DUPLICATE_METHOD_MATCH = YES;
				COPY_PHASE_STRIP = YES;
				DEBUG_INFORMATION_FORMAT = "dwarf-with-dsym";
				ENABLE_NS_ASSERTIONS = NO;
				GCC_C_LANGUAGE_STANDARD = gnu99;
				GCC_ENABLE_OBJC_EXCEPTIONS = YES;
				GCC_WARN_64_TO_32_BIT_CONVERSION = YES;
				GCC_WARN_ABOUT_RETURN_TYPE = YES_ERROR;
				GCC_WARN_UNDECLARED_SELECTOR = YES;
				GCC_WARN_UNINITIALIZED_AUTOS = YES_AGGRESSIVE;
				GCC_WARN_UNUSED_FUNCTION = YES;
				GCC_WARN_UNUSED_VARIABLE = YES;
				MACOSX_DEPLOYMENT_TARGET = 10.9;
				SDKROOT = macosx;
			};
			name = Release;
		};
		B284030F19536A3C00FEFAEF /* Debug */ = {
			isa = XCBuildConfiguration;
			buildSettings = {
				ASSETCATALOG_COMPILER_APPICON_NAME = AppIcon;
				COMBINE_HIDPI_IMAGES = YES;
				GCC_PRECOMPILE_PREFIX_HEADER = YES;
				GCC_PREFIX_HEADER = "ColourLoversExtensionGenerator/ColourLoversExtensionGenerator-Prefix.pch";
				INFOPLIST_FILE = "ColourLoversExtensionGenerator/ColourLoversExtensionGenerator-Info.plist";
				PRODUCT_NAME = "$(TARGET_NAME)";
				WRAPPER_EXTENSION = app;
			};
			name = Debug;
		};
		B284031019536A3C00FEFAEF /* Release */ = {
			isa = XCBuildConfiguration;
			buildSettings = {
				ASSETCATALOG_COMPILER_APPICON_NAME = AppIcon;
				COMBINE_HIDPI_IMAGES = YES;
				GCC_PRECOMPILE_PREFIX_HEADER = YES;
				GCC_PREFIX_HEADER = "ColourLoversExtensionGenerator/ColourLoversExtensionGenerator-Prefix.pch";
				INFOPLIST_FILE = "ColourLoversExtensionGenerator/ColourLoversExtensionGenerator-Info.plist";
				PRODUCT_NAME = "$(TARGET_NAME)";
				WRAPPER_EXTENSION = app;
			};
			name = Release;
		};
		B284031219536A3C00FEFAEF /* Debug */ = {
			isa = XCBuildConfiguration;
			buildSettings = {
				BUNDLE_LOADER = "$(BUILT_PRODUCTS_DIR)/ColourLoversExtensionGenerator.app/Contents/MacOS/ColourLoversExtensionGenerator";
				COMBINE_HIDPI_IMAGES = YES;
				FRAMEWORK_SEARCH_PATHS = (
					"$(DEVELOPER_FRAMEWORKS_DIR)",
					"$(inherited)",
				);
				GCC_PRECOMPILE_PREFIX_HEADER = YES;
				GCC_PREFIX_HEADER = "ColourLoversExtensionGenerator/ColourLoversExtensionGenerator-Prefix.pch";
				GCC_PREPROCESSOR_DEFINITIONS = (
					"DEBUG=1",
					"$(inherited)",
				);
				INFOPLIST_FILE = "ColourLoversExtensionGeneratorTests/ColourLoversExtensionGeneratorTests-Info.plist";
				PRODUCT_NAME = "$(TARGET_NAME)";
				TEST_HOST = "$(BUNDLE_LOADER)";
				WRAPPER_EXTENSION = xctest;
			};
			name = Debug;
		};
		B284031319536A3C00FEFAEF /* Release */ = {
			isa = XCBuildConfiguration;
			buildSettings = {
				BUNDLE_LOADER = "$(BUILT_PRODUCTS_DIR)/ColourLoversExtensionGenerator.app/Contents/MacOS/ColourLoversExtensionGenerator";
				COMBINE_HIDPI_IMAGES = YES;
				FRAMEWORK_SEARCH_PATHS = (
					"$(DEVELOPER_FRAMEWORKS_DIR)",
					"$(inherited)",
				);
				GCC_PRECOMPILE_PREFIX_HEADER = YES;
				GCC_PREFIX_HEADER = "ColourLoversExtensionGenerator/ColourLoversExtensionGenerator-Prefix.pch";
				INFOPLIST_FILE = "ColourLoversExtensionGeneratorTests/ColourLoversExtensionGeneratorTests-Info.plist";
				PRODUCT_NAME = "$(TARGET_NAME)";
				TEST_HOST = "$(BUNDLE_LOADER)";
				WRAPPER_EXTENSION = xctest;
			};
			name = Release;
		};
/* End XCBuildConfiguration section */

/* Begin XCConfigurationList section */
		B28402D819536A3B00FEFAEF /* Build configuration list for PBXProject "ColourLoversExtensionGenerator" */ = {
			isa = XCConfigurationList;
			buildConfigurations = (
				B284030C19536A3C00FEFAEF /* Debug */,
				B284030D19536A3C00FEFAEF /* Release */,
			);
			defaultConfigurationIsVisible = 0;
			defaultConfigurationName = Release;
		};
		B284030E19536A3C00FEFAEF /* Build configuration list for PBXNativeTarget "ColourLoversExtensionGenerator" */ = {
			isa = XCConfigurationList;
			buildConfigurations = (
				B284030F19536A3C00FEFAEF /* Debug */,
				B284031019536A3C00FEFAEF /* Release */,
			);
			defaultConfigurationIsVisible = 0;
		};
		B284031119536A3C00FEFAEF /* Build configuration list for PBXNativeTarget "ColourLoversExtensionGeneratorTests" */ = {
			isa = XCConfigurationList;
			buildConfigurations = (
				B284031219536A3C00FEFAEF /* Debug */,
				B284031319536A3C00FEFAEF /* Release */,
			);
			defaultConfigurationIsVisible = 0;
		};
/* End XCConfigurationList section */
	};
	rootObject = B28402D519536A3B00FEFAEF /* Project object */;
}
